
Microsoft Visual Studio Solution File, Format Version 12.00
# Visual Studio Version 17
VisualStudioVersion = 17.4.33403.182
MinimumVisualStudioVersion = 10.0.40219.1
Project("{9A19103F-16F7-4668-BE54-9A1E7A4F7556}") = "Assignment02", "ASPCoreMVCAssignment02\Assignment02.csproj", "{5C84AF89-9D97-4C25-BF1B-EEF1E4144ECE}"
EndProject
Project("{9A19103F-16F7-4668-BE54-9A1E7A4F7556}") = "BLL", "BLL\BLL.csproj", "{2BBEC071-01F8-409C-AFA7-0EAD18772CE2}"
EndProject
Project("{9A19103F-16F7-4668-BE54-9A1E7A4F7556}") = "DAL", "DAL\DAL.csproj", "{C6A766B9-769D-4A92-B2ED-8B043CBEEC71}"
EndProject
Global
	GlobalSection(SolutionConfigurationPlatforms) = preSolution
		Debug|Any CPU = Debug|Any CPU
		Release|Any CPU = Release|Any CPU
	EndGlobalSection
	GlobalSection(ProjectConfigurationPlatforms) = postSolution
		{5C84AF89-9D97-4C25-BF1B-EEF1E4144ECE}.Debug|Any CPU.ActiveCfg = Debug|Any CPU
		{5C84AF89-9D97-4C25-BF1B-EEF1E4144ECE}.Debug|Any CPU.Build.0 = Debug|Any CPU
		{5C84AF89-9D97-4C25-BF1B-EEF1E4144ECE}.Release|Any CPU.ActiveCfg = Release|Any CPU
		{5C84AF89-9D97-4C25-BF1B-EEF1E4144ECE}.Release|Any CPU.Build.0 = Release|Any CPU
		{2BBEC071-01F8-409C-AFA7-0EAD18772CE2}.Debug|Any CPU.ActiveCfg = Debug|Any CPU
		{2BBEC071-01F8-409C-AFA7-0EAD18772CE2}.Debug|Any CPU.Build.0 = Debug|Any CPU
		{2BBEC071-01F8-409C-AFA7-0EAD18772CE2}.Release|Any CPU.ActiveCfg = Release|Any CPU
		{2BBEC071-01F8-409C-AFA7-0EAD18772CE2}.Release|Any CPU.Build.0 = Release|Any CPU
		{C6A766B9-769D-4A92-B2ED-8B043CBEEC71}.Debug|Any CPU.ActiveCfg = Debug|Any CPU
		{C6A766B9-769D-4A92-B2ED-8B043CBEEC71}.Debug|Any CPU.Build.0 = Debug|Any CPU
		{C6A766B9-769D-4A92-B2ED-8B043CBEEC71}.Release|Any CPU.ActiveCfg = Release|Any CPU
		{C6A766B9-769D-4A92-B2ED-8B043CBEEC71}.Release|Any CPU.Build.0 = Release|Any CPU
	EndGlobalSection
	GlobalSection(SolutionProperties) = preSolution
		HideSolutionNode = FALSE
	EndGlobalSection
	GlobalSection(ExtensibilityGlobals) = postSolution
		SolutionGuid = {04F65430-8152-47CA-B80F-F73E6C9B8B5D}
	EndGlobalSection
EndGlobal
